
Microsoft Visual Studio Solution File, Format Version 12.00
# Visual Studio 15
VisualStudioVersion = 15.0.28307.168
MinimumVisualStudioVersion = 10.0.40219.1
Project("{9092AA53-FB77-4645-B42D-1CCCA6BD08BD}") = "PdfRender", "PdfRender.njsproj", "{AA5F2C76-E7CD-43CA-A5FD-A3A0E8D7E123}"
EndProject
Global
	GlobalSection(SolutionConfigurationPlatforms) = preSolution
		Debug|Any CPU = Debug|Any CPU
		Release|Any CPU = Release|Any CPU
	EndGlobalSection
	GlobalSection(ProjectConfigurationPlatforms) = postSolution
		{AA5F2C76-E7CD-43CA-A5FD-A3A0E8D7E123}.Debug|Any CPU.ActiveCfg = Debug|Any CPU
		{AA5F2C76-E7CD-43CA-A5FD-A3A0E8D7E123}.Debug|Any CPU.Build.0 = Debug|Any CPU
		{AA5F2C76-E7CD-43CA-A5FD-A3A0E8D7E123}.Release|Any CPU.ActiveCfg = Release|Any CPU
		{AA5F2C76-E7CD-43CA-A5FD-A3A0E8D7E123}.Release|Any CPU.Build.0 = Release|Any CPU
	EndGlobalSection
	GlobalSection(SolutionProperties) = preSolution
		HideSolutionNode = FALSE
	EndGlobalSection
	GlobalSection(ExtensibilityGlobals) = postSolution
		SolutionGuid = {09DE22B0-3F32-427A-A3EA-A909DC41DE0B}
	EndGlobalSection
EndGlobal
